
Microsoft Visual Studio Solution File, Format Version 12.00
# Visual Studio 15
VisualStudioVersion = 15.0.27130.2003
MinimumVisualStudioVersion = 10.0.40219.1
Project("{FAE04EC0-301F-11D3-BF4B-00C04F79EFBC}") = "Novin", "Novin\Novin.csproj", "{B84A7615-48AF-488D-AAFD-4E14B32EFE1A}"
EndProject
Global
	GlobalSection(SolutionConfigurationPlatforms) = preSolution
		Debug|Any CPU = Debug|Any CPU
		Release|Any CPU = Release|Any CPU
	EndGlobalSection
	GlobalSection(ProjectConfigurationPlatforms) = postSolution
		{B84A7615-48AF-488D-AAFD-4E14B32EFE1A}.Debug|Any CPU.ActiveCfg = Debug|Any CPU
		{B84A7615-48AF-488D-AAFD-4E14B32EFE1A}.Debug|Any CPU.Build.0 = Debug|Any CPU
		{B84A7615-48AF-488D-AAFD-4E14B32EFE1A}.Release|Any CPU.ActiveCfg = Release|Any CPU
		{B84A7615-48AF-488D-AAFD-4E14B32EFE1A}.Release|Any CPU.Build.0 = Release|Any CPU
	EndGlobalSection
	GlobalSection(SolutionProperties) = preSolution
		HideSolutionNode = FALSE
	EndGlobalSection
	GlobalSection(ExtensibilityGlobals) = postSolution
		SolutionGuid = {C5BA6457-93F8-4509-B8CF-DE0245544971}
	EndGlobalSection
EndGlobal
